<Solution>
  <Folder Name="/src/" />
  <Folder Name="/src/Core/">
    <Project Path="MessageBoard.Application/MessageBoard.Application.csproj" />
    <Project Path="MessageBoard.Domain/MessageBoard.Domain.csproj" />
  </Folder>
  <Folder Name="/src/Infrastructure/" />
  <Folder Name="/src/UI/" />
  <Folder Name="/test/" />
</Solution>
